// !$*UTF8*$!
{
	archiveVersion = 1;
	classes = {
	};
	objectVersion = 55;
	objects = {

/* Begin PBXBuildFile section */
		053228E9272A0D1D00C1F4EB /* PopularDestinationsView.swift in Sources */ = {isa = PBXBuildFile; fileRef = 053228E8272A0D1D00C1F4EB /* PopularDestinationsView.swift */; };
		053228EB272A0DF700C1F4EB /* PopularRestaurantsView.swift in Sources */ = {isa = PBXBuildFile; fileRef = 053228EA272A0DF700C1F4EB /* PopularRestaurantsView.swift */; };
		053228ED272A0E6E00C1F4EB /* DiscoverCategoriesView.swift in Sources */ = {isa = PBXBuildFile; fileRef = 053228EC272A0E6E00C1F4EB /* DiscoverCategoriesView.swift */; };
		053228EF272A0FB200C1F4EB /* TrendingCreatorsView.swift in Sources */ = {isa = PBXBuildFile; fileRef = 053228EE272A0FB200C1F4EB /* TrendingCreatorsView.swift */; };
		053228F2272A103100C1F4EB /* Destination.swift in Sources */ = {isa = PBXBuildFile; fileRef = 053228F1272A103100C1F4EB /* Destination.swift */; };
		053228F4272A104000C1F4EB /* Restaurant.swift in Sources */ = {isa = PBXBuildFile; fileRef = 053228F3272A104000C1F4EB /* Restaurant.swift */; };
		053228F6272A104E00C1F4EB /* User.swift in Sources */ = {isa = PBXBuildFile; fileRef = 053228F5272A104E00C1F4EB /* User.swift */; };
		053228F8272A105E00C1F4EB /* Category.swift in Sources */ = {isa = PBXBuildFile; fileRef = 053228F7272A105E00C1F4EB /* Category.swift */; };
		054F45DB272ED1300074A9D9 /* TileModifier.swift in Sources */ = {isa = PBXBuildFile; fileRef = 054F45DA272ED1300074A9D9 /* TileModifier.swift */; };
		055B88582708F10600615827 /* LBTA_TravelApp.swift in Sources */ = {isa = PBXBuildFile; fileRef = 055B88572708F10600615827 /* LBTA_TravelApp.swift */; };
		055B885A2708F10600615827 /* DiscoverView.swift in Sources */ = {isa = PBXBuildFile; fileRef = 055B88592708F10600615827 /* DiscoverView.swift */; };
		055B885C2708F10C00615827 /* Assets.xcassets in Resources */ = {isa = PBXBuildFile; fileRef = 055B885B2708F10C00615827 /* Assets.xcassets */; };
		055B885F2708F10C00615827 /* Preview Assets.xcassets in Resources */ = {isa = PBXBuildFile; fileRef = 055B885E2708F10C00615827 /* Preview Assets.xcassets */; };
/* End PBXBuildFile section */

/* Begin PBXFileReference section */
		053228E8272A0D1D00C1F4EB /* PopularDestinationsView.swift */ = {isa = PBXFileReference; lastKnownFileType = sourcecode.swift; path = PopularDestinationsView.swift; sourceTree = "<group>"; };
		053228EA272A0DF700C1F4EB /* PopularRestaurantsView.swift */ = {isa = PBXFileReference; lastKnownFileType = sourcecode.swift; path = PopularRestaurantsView.swift; sourceTree = "<group>"; };
		053228EC272A0E6E00C1F4EB /* DiscoverCategoriesView.swift */ = {isa = PBXFileReference; lastKnownFileType = sourcecode.swift; path = DiscoverCategoriesView.swift; sourceTree = "<group>"; };
		053228EE272A0FB200C1F4EB /* TrendingCreatorsView.swift */ = {isa = PBXFileReference; lastKnownFileType = sourcecode.swift; path = TrendingCreatorsView.swift; sourceTree = "<group>"; };
		053228F1272A103100C1F4EB /* Destination.swift */ = {isa = PBXFileReference; lastKnownFileType = sourcecode.swift; path = Destination.swift; sourceTree = "<group>"; };
		053228F3272A104000C1F4EB /* Restaurant.swift */ = {isa = PBXFileReference; lastKnownFileType = sourcecode.swift; path = Restaurant.swift; sourceTree = "<group>"; };
		053228F5272A104E00C1F4EB /* User.swift */ = {isa = PBXFileReference; lastKnownFileType = sourcecode.swift; path = User.swift; sourceTree = "<group>"; };
		053228F7272A105E00C1F4EB /* Category.swift */ = {isa = PBXFileReference; lastKnownFileType = sourcecode.swift; path = Category.swift; sourceTree = "<group>"; };
		054F45DA272ED1300074A9D9 /* TileModifier.swift */ = {isa = PBXFileReference; lastKnownFileType = sourcecode.swift; path = TileModifier.swift; sourceTree = "<group>"; };
		055B88542708F10600615827 /* LBTA_Travel.app */ = {isa = PBXFileReference; explicitFileType = wrapper.application; includeInIndex = 0; path = LBTA_Travel.app; sourceTree = BUILT_PRODUCTS_DIR; };
		055B88572708F10600615827 /* LBTA_TravelApp.swift */ = {isa = PBXFileReference; lastKnownFileType = sourcecode.swift; path = LBTA_TravelApp.swift; sourceTree = "<group>"; };
		055B88592708F10600615827 /* DiscoverView.swift */ = {isa = PBXFileReference; lastKnownFileType = sourcecode.swift; path = DiscoverView.swift; sourceTree = "<group>"; };
		055B885B2708F10C00615827 /* Assets.xcassets */ = {isa = PBXFileReference; lastKnownFileType = folder.assetcatalog; path = Assets.xcassets; sourceTree = "<group>"; };
		055B885E2708F10C00615827 /* Preview Assets.xcassets */ = {isa = PBXFileReference; lastKnownFileType = folder.assetcatalog; path = "Preview Assets.xcassets"; sourceTree = "<group>"; };
/* End PBXFileReference section */

/* Begin PBXFrameworksBuildPhase section */
		055B88512708F10600615827 /* Frameworks */ = {
			isa = PBXFrameworksBuildPhase;
			buildActionMask = 2147483647;
			files = (
			);
			runOnlyForDeploymentPostprocessing = 0;
		};
/* End PBXFrameworksBuildPhase section */

/* Begin PBXGroup section */
		053228F0272A101000C1F4EB /* Models */ = {
			isa = PBXGroup;
			children = (
				053228F1272A103100C1F4EB /* Destination.swift */,
				053228F3272A104000C1F4EB /* Restaurant.swift */,
				053228F5272A104E00C1F4EB /* User.swift */,
				053228F7272A105E00C1F4EB /* Category.swift */,
			);
			path = Models;
			sourceTree = "<group>";
		};
		054F45D9272ED11A0074A9D9 /* Utils */ = {
			isa = PBXGroup;
			children = (
				054F45DA272ED1300074A9D9 /* TileModifier.swift */,
			);
			path = Utils;
			sourceTree = "<group>";
		};
		055B884B2708F10600615827 = {
			isa = PBXGroup;
			children = (
				055B88562708F10600615827 /* LBTA_Travel */,
				055B88552708F10600615827 /* Products */,
			);
			sourceTree = "<group>";
		};
		055B88552708F10600615827 /* Products */ = {
			isa = PBXGroup;
			children = (
				055B88542708F10600615827 /* LBTA_Travel.app */,
			);
			name = Products;
			sourceTree = "<group>";
		};
		055B88562708F10600615827 /* LBTA_Travel */ = {
			isa = PBXGroup;
			children = (
				054F45D9272ED11A0074A9D9 /* Utils */,
				053228F0272A101000C1F4EB /* Models */,
				05D1B1EA272A0AAD007E08E5 /* Discover */,
				055B88572708F10600615827 /* LBTA_TravelApp.swift */,
				055B885B2708F10C00615827 /* Assets.xcassets */,
				055B885D2708F10C00615827 /* Preview Content */,
			);
			path = LBTA_Travel;
			sourceTree = "<group>";
		};
		055B885D2708F10C00615827 /* Preview Content */ = {
			isa = PBXGroup;
			children = (
				055B885E2708F10C00615827 /* Preview Assets.xcassets */,
			);
			path = "Preview Content";
			sourceTree = "<group>";
		};
		05D1B1EA272A0AAD007E08E5 /* Discover */ = {
			isa = PBXGroup;
			children = (
				055B88592708F10600615827 /* DiscoverView.swift */,
				053228E8272A0D1D00C1F4EB /* PopularDestinationsView.swift */,
				053228EA272A0DF700C1F4EB /* PopularRestaurantsView.swift */,
				053228EC272A0E6E00C1F4EB /* DiscoverCategoriesView.swift */,
				053228EE272A0FB200C1F4EB /* TrendingCreatorsView.swift */,
			);
			path = Discover;
			sourceTree = "<group>";
		};
/* End PBXGroup section */

/* Begin PBXNativeTarget section */
		055B88532708F10600615827 /* LBTA_Travel */ = {
			isa = PBXNativeTarget;
			buildConfigurationList = 055B88622708F10C00615827 /* Build configuration list for PBXNativeTarget "LBTA_Travel" */;
			buildPhases = (
				055B88502708F10600615827 /* Sources */,
				055B88512708F10600615827 /* Frameworks */,
				055B88522708F10600615827 /* Resources */,
			);
			buildRules = (
			);
			dependencies = (
			);
			name = LBTA_Travel;
			productName = LBTA_Travel;
			productReference = 055B88542708F10600615827 /* LBTA_Travel.app */;
			productType = "com.apple.product-type.application";
		};
/* End PBXNativeTarget section */

/* Begin PBXProject section */
		055B884C2708F10600615827 /* Project object */ = {
			isa = PBXProject;
			attributes = {
				BuildIndependentTargetsInParallel = 1;
				LastSwiftUpdateCheck = 1300;
				LastUpgradeCheck = 1300;
				TargetAttributes = {
					055B88532708F10600615827 = {
						CreatedOnToolsVersion = 13.0;
					};
				};
			};
			buildConfigurationList = 055B884F2708F10600615827 /* Build configuration list for PBXProject "LBTA_Travel" */;
			compatibilityVersion = "Xcode 13.0";
			developmentRegion = en;
			hasScannedForEncodings = 0;
			knownRegions = (
				en,
				Base,
			);
			mainGroup = 055B884B2708F10600615827;
			productRefGroup = 055B88552708F10600615827 /* Products */;
			projectDirPath = "";
			projectRoot = "";
			targets = (
				055B88532708F10600615827 /* LBTA_Travel */,
			);
		};
/* End PBXProject section */

/* Begin PBXResourcesBuildPhase section */
		055B88522708F10600615827 /* Resources */ = {
			isa = PBXResourcesBuildPhase;
			buildActionMask = 2147483647;
			files = (
				055B885F2708F10C00615827 /* Preview Assets.xcassets in Resources */,
				055B885C2708F10C00615827 /* Assets.xcassets in Resources */,
			);
			runOnlyForDeploymentPostprocessing = 0;
		};
/* End PBXResourcesBuildPhase section */

/* Begin PBXSourcesBuildPhase section */
		055B88502708F10600615827 /* Sources */ = {
			isa = PBXSourcesBuildPhase;
			buildActionMask = 2147483647;
			files = (
				053228ED272A0E6E00C1F4EB /* DiscoverCategoriesView.swift in Sources */,
				054F45DB272ED1300074A9D9 /* TileModifier.swift in Sources */,
				053228F8272A105E00C1F4EB /* Category.swift in Sources */,
				053228E9272A0D1D00C1F4EB /* PopularDestinationsView.swift in Sources */,
				053228EF272A0FB200C1F4EB /* TrendingCreatorsView.swift in Sources */,
				053228EB272A0DF700C1F4EB /* PopularRestaurantsView.swift in Sources */,
				053228F4272A104000C1F4EB /* Restaurant.swift in Sources */,
				053228F6272A104E00C1F4EB /* User.swift in Sources */,
				055B885A2708F10600615827 /* DiscoverView.swift in Sources */,
				055B88582708F10600615827 /* LBTA_TravelApp.swift in Sources */,
				053228F2272A103100C1F4EB /* Destination.swift in Sources */,
			);
			runOnlyForDeploymentPostprocessing = 0;
		};
/* End PBXSourcesBuildPhase section */

/* Begin XCBuildConfiguration section */
		055B88602708F10C00615827 /* Debug */ = {
			isa = XCBuildConfiguration;
			buildSettings = {
				ALWAYS_SEARCH_USER_PATHS = NO;
				CLANG_ANALYZER_NONNULL = YES;
				CLANG_ANALYZER_NUMBER_OBJECT_CONVERSION = YES_AGGRESSIVE;
				CLANG_CXX_LANGUAGE_STANDARD = "gnu++17";
				CLANG_CXX_LIBRARY = "libc++";
				CLANG_ENABLE_MODULES = YES;
				CLANG_ENABLE_OBJC_ARC = YES;
				CLANG_ENABLE_OBJC_WEAK = YES;
				CLANG_WARN_BLOCK_CAPTURE_AUTORELEASING = YES;
				CLANG_WARN_BOOL_CONVERSION = YES;
				CLANG_WARN_COMMA = YES;
				CLANG_WARN_CONSTANT_CONVERSION = YES;
				CLANG_WARN_DEPRECATED_OBJC_IMPLEMENTATIONS = YES;
				CLANG_WARN_DIRECT_OBJC_ISA_USAGE = YES_ERROR;
				CLANG_WARN_DOCUMENTATION_COMMENTS = YES;
				CLANG_WARN_EMPTY_BODY = YES;
				CLANG_WARN_ENUM_CONVERSION = YES;
				CLANG_WARN_INFINITE_RECURSION = YES;
				CLANG_WARN_INT_CONVERSION = YES;
				CLANG_WARN_NON_LITERAL_NULL_CONVERSION = YES;
				CLANG_WARN_OBJC_IMPLICIT_RETAIN_SELF = YES;
				CLANG_WARN_OBJC_LITERAL_CONVERSION = YES;
				CLANG_WARN_OBJC_ROOT_CLASS = YES_ERROR;
				CLANG_WARN_QUOTED_INCLUDE_IN_FRAMEWORK_HEADER = YES;
				CLANG_WARN_RANGE_LOOP_ANALYSIS = YES;
				CLANG_WARN_STRICT_PROTOTYPES = YES;
				CLANG_WARN_SUSPICIOUS_MOVE = YES;
				CLANG_WARN_UNGUARDED_AVAILABILITY = YES_AGGRESSIVE;
				CLANG_WARN_UNREACHABLE_CODE = YES;
				CLANG_WARN__DUPLICATE_METHOD_MATCH = YES;
				COPY_PHASE_STRIP = NO;
				DEBUG_INFORMATION_FORMAT = dwarf;
				ENABLE_STRICT_OBJC_MSGSEND = YES;
				ENABLE_TESTABILITY = YES;
				GCC_C_LANGUAGE_STANDARD = gnu11;
				GCC_DYNAMIC_NO_PIC = NO;
				GCC_NO_COMMON_BLOCKS = YES;
				GCC_OPTIMIZATION_LEVEL = 0;
				GCC_PREPROCESSOR_DEFINITIONS = (
					"DEBUG=1",
					"$(inherited)",
				);
				GCC_WARN_64_TO_32_BIT_CONVERSION = YES;
				GCC_WARN_ABOUT_RETURN_TYPE = YES_ERROR;
				GCC_WARN_UNDECLARED_SELECTOR = YES;
				GCC_WARN_UNINITIALIZED_AUTOS = YES_AGGRESSIVE;
				GCC_WARN_UNUSED_FUNCTION = YES;
				GCC_WARN_UNUSED_VARIABLE = YES;
				IPHONEOS_DEPLOYMENT_TARGET = 15.0;
				MTL_ENABLE_DEBUG_INFO = INCLUDE_SOURCE;
				MTL_FAST_MATH = YES;
				ONLY_ACTIVE_ARCH = YES;
				SDKROOT = iphoneos;
				SWIFT_ACTIVE_COMPILATION_CONDITIONS = DEBUG;
				SWIFT_OPTIMIZATION_LEVEL = "-Onone";
			};
			name = Debug;
		};
		055B88612708F10C00615827 /* Release */ = {
			isa = XCBuildConfiguration;
			buildSettings = {
				ALWAYS_SEARCH_USER_PATHS = NO;
				CLANG_ANALYZER_NONNULL = YES;
				CLANG_ANALYZER_NUMBER_OBJECT_CONVERSION = YES_AGGRESSIVE;
				CLANG_CXX_LANGUAGE_STANDARD = "gnu++17";
				CLANG_CXX_LIBRARY = "libc++";
				CLANG_ENABLE_MODULES = YES;
				CLANG_ENABLE_OBJC_ARC = YES;
				CLANG_ENABLE_OBJC_WEAK = YES;
				CLANG_WARN_BLOCK_CAPTURE_AUTORELEASING = YES;
				CLANG_WARN_BOOL_CONVERSION = YES;
				CLANG_WARN_COMMA = YES;
				CLANG_WARN_CONSTANT_CONVERSION = YES;
				CLANG_WARN_DEPRECATED_OBJC_IMPLEMENTATIONS = YES;
				CLANG_WARN_DIRECT_OBJC_ISA_USAGE = YES_ERROR;
				CLANG_WARN_DOCUMENTATION_COMMENTS = YES;
				CLANG_WARN_EMPTY_BODY = YES;
				CLANG_WARN_ENUM_CONVERSION = YES;
				CLANG_WARN_INFINITE_RECURSION = YES;
				CLANG_WARN_INT_CONVERSION = YES;
				CLANG_WARN_NON_LITERAL_NULL_CONVERSION = YES;
				CLANG_WARN_OBJC_IMPLICIT_RETAIN_SELF = YES;
				CLANG_WARN_OBJC_LITERAL_CONVERSION = YES;
				CLANG_WARN_OBJC_ROOT_CLASS = YES_ERROR;
				CLANG_WARN_QUOTED_INCLUDE_IN_FRAMEWORK_HEADER = YES;
				CLANG_WARN_RANGE_LOOP_ANALYSIS = YES;
				CLANG_WARN_STRICT_PROTOTYPES = YES;
				CLANG_WARN_SUSPICIOUS_MOVE = YES;
				CLANG_WARN_UNGUARDED_AVAILABILITY = YES_AGGRESSIVE;
				CLANG_WARN_UNREACHABLE_CODE = YES;
				CLANG_WARN__DUPLICATE_METHOD_MATCH = YES;
				COPY_PHASE_STRIP = NO;
				DEBUG_INFORMATION_FORMAT = "dwarf-with-dsym";
				ENABLE_NS_ASSERTIONS = NO;
				ENABLE_STRICT_OBJC_MSGSEND = YES;
				GCC_C_LANGUAGE_STANDARD = gnu11;
				GCC_NO_COMMON_BLOCKS = YES;
				GCC_WARN_64_TO_32_BIT_CONVERSION = YES;
				GCC_WARN_ABOUT_RETURN_TYPE = YES_ERROR;
				GCC_WARN_UNDECLARED_SELECTOR = YES;
				GCC_WARN_UNINITIALIZED_AUTOS = YES_AGGRESSIVE;
				GCC_WARN_UNUSED_FUNCTION = YES;
				GCC_WARN_UNUSED_VARIABLE = YES;
				IPHONEOS_DEPLOYMENT_TARGET = 15.0;
				MTL_ENABLE_DEBUG_INFO = NO;
				MTL_FAST_MATH = YES;
				SDKROOT = iphoneos;
				SWIFT_COMPILATION_MODE = wholemodule;
				SWIFT_OPTIMIZATION_LEVEL = "-O";
				VALIDATE_PRODUCT = YES;
			};
			name = Release;
		};
		055B88632708F10C00615827 /* Debug */ = {
			isa = XCBuildConfiguration;
			buildSettings = {
				ASSETCATALOG_COMPILER_APPICON_NAME = AppIcon;
				ASSETCATALOG_COMPILER_GLOBAL_ACCENT_COLOR_NAME = AccentColor;
				CODE_SIGN_STYLE = Automatic;
				CURRENT_PROJECT_VERSION = 1;
				DEVELOPMENT_ASSET_PATHS = "\"LBTA_Travel/Preview Content\"";
				DEVELOPMENT_TEAM = ZLRHSN44X4;
				ENABLE_PREVIEWS = YES;
				GENERATE_INFOPLIST_FILE = YES;
				INFOPLIST_KEY_UIApplicationSceneManifest_Generation = YES;
				INFOPLIST_KEY_UIApplicationSupportsIndirectInputEvents = YES;
				INFOPLIST_KEY_UILaunchScreen_Generation = YES;
				INFOPLIST_KEY_UISupportedInterfaceOrientations_iPad = "UIInterfaceOrientationPortrait UIInterfaceOrientationPortraitUpsideDown UIInterfaceOrientationLandscapeLeft UIInterfaceOrientationLandscapeRight";
				INFOPLIST_KEY_UISupportedInterfaceOrientations_iPhone = "UIInterfaceOrientationPortrait UIInterfaceOrientationLandscapeLeft UIInterfaceOrientationLandscapeRight";
				IPHONEOS_DEPLOYMENT_TARGET = 14.0;
				LD_RUNPATH_SEARCH_PATHS = (
					"$(inherited)",
					"@executable_path/Frameworks",
				);
				MARKETING_VERSION = 1.0;
				PRODUCT_BUNDLE_IDENTIFIER = "camargo.joao.com.br.LBTA-Travel";
				PRODUCT_NAME = "$(TARGET_NAME)";
				SWIFT_EMIT_LOC_STRINGS = YES;
				SWIFT_VERSION = 5.0;
				TARGETED_DEVICE_FAMILY = "1,2";
			};
			name = Debug;
		};
		055B88642708F10C00615827 /* Release */ = {
			isa = XCBuildConfiguration;
			buildSettings = {
				ASSETCATALOG_COMPILER_APPICON_NAME = AppIcon;
				ASSETCATALOG_COMPILER_GLOBAL_ACCENT_COLOR_NAME = AccentColor;
				CODE_SIGN_STYLE = Automatic;
				CURRENT_PROJECT_VERSION = 1;
				DEVELOPMENT_ASSET_PATHS = "\"LBTA_Travel/Preview Content\"";
				DEVELOPMENT_TEAM = ZLRHSN44X4;
				ENABLE_PREVIEWS = YES;
				GENERATE_INFOPLIST_FILE = YES;
				INFOPLIST_KEY_UIApplicationSceneManifest_Generation = YES;
				INFOPLIST_KEY_UIApplicationSupportsIndirectInputEvents = YES;
				INFOPLIST_KEY_UILaunchScreen_Generation = YES;
				INFOPLIST_KEY_UISupportedInterfaceOrientations_iPad = "UIInterfaceOrientationPortrait UIInterfaceOrientationPortraitUpsideDown UIInterfaceOrientationLandscapeLeft UIInterfaceOrientationLandscapeRight";
				INFOPLIST_KEY_UISupportedInterfaceOrientations_iPhone = "UIInterfaceOrientationPortrait UIInterfaceOrientationLandscapeLeft UIInterfaceOrientationLandscapeRight";
				IPHONEOS_DEPLOYMENT_TARGET = 14.0;
				LD_RUNPATH_SEARCH_PATHS = (
					"$(inherited)",
					"@executable_path/Frameworks",
				);
				MARKETING_VERSION = 1.0;
				PRODUCT_BUNDLE_IDENTIFIER = "camargo.joao.com.br.LBTA-Travel";
				PRODUCT_NAME = "$(TARGET_NAME)";
				SWIFT_EMIT_LOC_STRINGS = YES;
				SWIFT_VERSION = 5.0;
				TARGETED_DEVICE_FAMILY = "1,2";
			};
			name = Release;
		};
/* End XCBuildConfiguration section */

/* Begin XCConfigurationList section */
		055B884F2708F10600615827 /* Build configuration list for PBXProject "LBTA_Travel" */ = {
			isa = XCConfigurationList;
			buildConfigurations = (
				055B88602708F10C00615827 /* Debug */,
				055B88612708F10C00615827 /* Release */,
			);
			defaultConfigurationIsVisible = 0;
			defaultConfigurationName = Release;
		};
		055B88622708F10C00615827 /* Build configuration list for PBXNativeTarget "LBTA_Travel" */ = {
			isa = XCConfigurationList;
			buildConfigurations = (
				055B88632708F10C00615827 /* Debug */,
				055B88642708F10C00615827 /* Release */,
			);
			defaultConfigurationIsVisible = 0;
			defaultConfigurationName = Release;
		};
/* End XCConfigurationList section */
	};
	rootObject = 055B884C2708F10600615827 /* Project object */;
}
